
Microsoft Visual Studio Solution File, Format Version 12.00
# Visual Studio Version 17
VisualStudioVersion = 17.9.34902.65
MinimumVisualStudioVersion = 10.0.40219.1
Project("{8BC9CEB8-8B4A-11D0-8D11-00A0C91BC942}") = "StarvingCat", "StarvingCat\StarvingCat.vcxproj", "{CBC3C074-2447-406D-9FBD-F02B60142A19}"
EndProject
Global
	GlobalSection(SolutionConfigurationPlatforms) = preSolution
		Debug|x64 = Debug|x64
		Debug|x86 = Debug|x86
		Release|x64 = Release|x64
		Release|x86 = Release|x86
	EndGlobalSection
	GlobalSection(ProjectConfigurationPlatforms) = postSolution
		{CBC3C074-2447-406D-9FBD-F02B60142A19}.Debug|x64.ActiveCfg = Debug|x64
		{CBC3C074-2447-406D-9FBD-F02B60142A19}.Debug|x64.Build.0 = Debug|x64
		{CBC3C074-2447-406D-9FBD-F02B60142A19}.Debug|x86.ActiveCfg = Debug|Win32
		{CBC3C074-2447-406D-9FBD-F02B60142A19}.Debug|x86.Build.0 = Debug|Win32
		{CBC3C074-2447-406D-9FBD-F02B60142A19}.Release|x64.ActiveCfg = Release|x64
		{CBC3C074-2447-406D-9FBD-F02B60142A19}.Release|x64.Build.0 = Release|x64
		{CBC3C074-2447-406D-9FBD-F02B60142A19}.Release|x86.ActiveCfg = Release|Win32
		{CBC3C074-2447-406D-9FBD-F02B60142A19}.Release|x86.Build.0 = Release|Win32
	EndGlobalSection
	GlobalSection(SolutionProperties) = preSolution
		HideSolutionNode = FALSE
	EndGlobalSection
	GlobalSection(ExtensibilityGlobals) = postSolution
		SolutionGuid = {CAAAC271-4EE7-4D9B-BE7F-564CFCED0449}
	EndGlobalSection
EndGlobal
